{
  "R": {
    "Version": "4.1.2",
    "Repositories": [
      {
        "Name": "bisaloo",
        "URL": "https://bisaloo.r-universe.dev"
      },
      {
        "Name": "henrikbengtsson",
        "URL": "https://henrikbengtsson.r-universe.dev"
      },
      {
        "Name": "rlib",
        "URL": "https://r-lib.r-universe.dev"
      },
      {
        "Name": "ropensci",
        "URL": "https://ropensci.r-universe.dev"
      },
      {
        "Name": "rstudio",
        "URL": "https://rstudio.r-universe.dev"
      },
      {
        "Name": "tidyverse",
        "URL": "https://tidyverse.r-universe.dev"
      },
      {
        "Name": "RSPM",
        "URL": "https://packagemanager.rstudio.com/cran/latest"
      },
      {
        "Name": "CRAN",
        "URL": "https://cloud.r-project.org"
      }
    ]
  },
  "Packages": {
    "RcppRoll": {
      "Package": "RcppRoll",
      "Version": "0.3.0",
      "Source": "Repository"
    },
    "renv": {
      "Package": "renv",
      "Version": "0.14.0",
      "Source": "Repository",
      "Repository": "RSPM",
      "Hash": "30e5eba91b67f7f4d75d31de14bbfbdc"
    }
  }
}
